
Microsoft Visual Studio Solution File, Format Version 12.00
# Visual Studio Version 17
VisualStudioVersion = 17.5.33627.172
MinimumVisualStudioVersion = 10.0.40219.1
Project("{888888A0-9F3D-457C-B088-3A5042F75D52}") = "coração1", "coração1\coração1.pyproj", "{583BF918-5597-4AD4-AE01-2F320F6C56CD}"
EndProject
Global
	GlobalSection(SolutionConfigurationPlatforms) = preSolution
		Debug|Any CPU = Debug|Any CPU
		Release|Any CPU = Release|Any CPU
	EndGlobalSection
	GlobalSection(ProjectConfigurationPlatforms) = postSolution
		{583BF918-5597-4AD4-AE01-2F320F6C56CD}.Debug|Any CPU.ActiveCfg = Debug|Any CPU
		{583BF918-5597-4AD4-AE01-2F320F6C56CD}.Release|Any CPU.ActiveCfg = Release|Any CPU
	EndGlobalSection
	GlobalSection(SolutionProperties) = preSolution
		HideSolutionNode = FALSE
	EndGlobalSection
	GlobalSection(ExtensibilityGlobals) = postSolution
		SolutionGuid = {541EB8E1-77D6-417F-8EF3-5D969946649D}
	EndGlobalSection
EndGlobal
